
Microsoft Visual Studio Solution File, Format Version 12.00
# Visual Studio Version 16
VisualStudioVersion = 16.0.29728.190
MinimumVisualStudioVersion = 10.0.40219.1
Project("{FAE04EC0-301F-11D3-BF4B-00C04F79EFBC}") = "EnglishClass", "EnglishClass\EnglishClass.csproj", "{864AEE57-BB32-4951-9A30-58BADE32EC0C}"
EndProject
Global
	GlobalSection(SolutionConfigurationPlatforms) = preSolution
		Debug|Any CPU = Debug|Any CPU
		Release|Any CPU = Release|Any CPU
	EndGlobalSection
	GlobalSection(ProjectConfigurationPlatforms) = postSolution
		{864AEE57-BB32-4951-9A30-58BADE32EC0C}.Debug|Any CPU.ActiveCfg = Debug|Any CPU
		{864AEE57-BB32-4951-9A30-58BADE32EC0C}.Debug|Any CPU.Build.0 = Debug|Any CPU
		{864AEE57-BB32-4951-9A30-58BADE32EC0C}.Release|Any CPU.ActiveCfg = Release|Any CPU
		{864AEE57-BB32-4951-9A30-58BADE32EC0C}.Release|Any CPU.Build.0 = Release|Any CPU
	EndGlobalSection
	GlobalSection(SolutionProperties) = preSolution
		HideSolutionNode = FALSE
	EndGlobalSection
	GlobalSection(ExtensibilityGlobals) = postSolution
		SolutionGuid = {F2AF7D2A-9C69-4819-A1BD-8EBBF82E40CD}
	EndGlobalSection
EndGlobal
